
Microsoft Visual Studio Solution File, Format Version 12.00
# Visual Studio Version 16
VisualStudioVersion = 16.0.31515.178
MinimumVisualStudioVersion = 10.0.40219.1
Project("{FAE04EC0-301F-11D3-BF4B-00C04F79EFBC}") = "AdobeFontsCache", "AdobeFontsCache.csproj", "{F17674C3-A0DE-4C63-955F-2D3BE6203E2A}"
EndProject
Global
	GlobalSection(SolutionConfigurationPlatforms) = preSolution
		Debug|Any CPU = Debug|Any CPU
		Release|Any CPU = Release|Any CPU
	EndGlobalSection
	GlobalSection(ProjectConfigurationPlatforms) = postSolution
		{F17674C3-A0DE-4C63-955F-2D3BE6203E2A}.Debug|Any CPU.ActiveCfg = Debug|Any CPU
		{F17674C3-A0DE-4C63-955F-2D3BE6203E2A}.Debug|Any CPU.Build.0 = Debug|Any CPU
		{F17674C3-A0DE-4C63-955F-2D3BE6203E2A}.Release|Any CPU.ActiveCfg = Release|Any CPU
		{F17674C3-A0DE-4C63-955F-2D3BE6203E2A}.Release|Any CPU.Build.0 = Release|Any CPU
	EndGlobalSection
	GlobalSection(SolutionProperties) = preSolution
		HideSolutionNode = FALSE
	EndGlobalSection
	GlobalSection(ExtensibilityGlobals) = postSolution
		SolutionGuid = {ACB45E00-D91A-47AA-801B-A7538510F130}
	EndGlobalSection
EndGlobal
